#MicroXplorer Configuration settings - do not modify
Mcu.Family=STM32F0
NVIC.SysTick_IRQn=true\:0\:0\:false\:false\:false\:false\:true
ProjectManager.LastFirmware=true
ProjectManager.MainLocation=Core/Src
NVIC.TIM14_IRQn=true\:0\:0\:false\:false\:true\:false\:true
ProjectManager.FirmwarePackage=STM32Cube FW_F0 V1.11.3
VP_SYS_VS_tim14.Signal=SYS_VS_tim14
MxDb.Version=DB.6.0.20
ProjectManager.ProjectFileName=controladora_ws2812_cortexM0.ioc
ProjectManager.BackupPrevious=false
MxCube.Version=6.2.0
ProjectManager.KeepUserCode=true
Mcu.UserName=STM32F030F4Px
Mcu.PinsNb=1
ProjectManager.NoMain=false
File.Version=6
RCC.PLLCLKFreq_Value=8000000
NVIC.NonMaskableInt_IRQn=true\:0\:0\:false\:false\:true\:false\:false
NVIC.PendSV_IRQn=true\:0\:0\:false\:false\:false\:false\:false
ProjectManager.functionlistsort=1-SystemClock_Config-RCC-false-HAL-false
VP_SYS_VS_tim14.Mode=TIM14
ProjectManager.FreePins=false
RCC.IPParameters=FamilyName,PLLCLKFreq_Value,TimSysFreq_Value
ProjectManager.DefaultFWLocation=true
ProjectManager.AskForMigrate=true
Mcu.Name=STM32F030F4Px
ProjectManager.HalAssertFull=false
NVIC.SVC_IRQn=true\:0\:0\:false\:false\:false\:false\:false
ProjectManager.DeletePrevious=true
ProjectManager.ProjectName=controladora_ws2812_cortexM0
ProjectManager.UnderRoot=true
ProjectManager.CoupleFile=false
PinOutPanel.RotationAngle=0
Mcu.Package=TSSOP20
RCC.FamilyName=M
RCC.TimSysFreq_Value=8000000
ProjectManager.StackSize=0x400
NVIC.TimeBase=TIM14_IRQn
NVIC.ForceEnableDMAVector=true
KeepUserPlacement=false
ProjectManager.CompilerOptimize=6
ProjectManager.ToolChainLocation=
Mcu.IP2=SYS
Mcu.IP0=NVIC
NVIC.TimeBaseIP=TIM14
Mcu.IP1=RCC
ProjectManager.HeapSize=0x200
NVIC.HardFault_IRQn=true\:0\:0\:false\:false\:true\:false\:false
Mcu.UserConstants=
ProjectManager.TargetToolchain=STM32CubeIDE
ProjectManager.ComputerToolchain=false
Mcu.ThirdPartyNb=0
Mcu.IPNb=3
ProjectManager.PreviousToolchain=
ProjectManager.RegisterCallBack=
Mcu.Pin0=VP_SYS_VS_tim14
ProjectManager.CustomerFirmwarePackage=
ProjectManager.DeviceId=STM32F030F4Px
ProjectManager.LibraryCopy=1
ProjectManager.ProjectBuild=false
board=custom
isbadioc=false
